{
  "originHash" : "b25199d65fa88b624b11387aee7832e9e22104c5e1f0c36812e00f2f016b1233",
  "pins" : [
    {
      "identity" : "bestline-swift",
      "kind" : "remoteSourceControl",
      "location" : "https://github.com/mattt/bestline-swift.git",
      "state" : {
        "revision" : "de068b4aa27a4450b3d1ddc9b2525e17dc336b6e",
        "version" : "1.0.0"
      }
    },
    {
      "identity" : "lineeditor",
      "kind" : "remoteSourceControl",
      "location" : "https://github.com/wildthink/LineEditor.git",
      "state" : {
        "branch" : "main",
        "revision" : "6454396058baae23294b39502dd17d8755536155"
      }
    },
    {
      "identity" : "swift-argument-parser",
      "kind" : "remoteSourceControl",
      "location" : "https://github.com/apple/swift-argument-parser.git",
      "state" : {
        "revision" : "6a52f3251125d74daf04fcbd5e6f08a75d074382",
        "version" : "1.8.2"
      }
    }
  ],
  "version" : 3
}
